{
  "version": 4,
  "terraform_version": "1.5.5",
  "serial": 886,
  "lineage": "de0e03ed-0745-7c9a-9b5c-8e887b2887ea",
  "outputs": {
    "ips0": {
      "value": [
        [
          "192.168.122.128"
        ],
        [
          "192.168.122.52"
        ],
        [
          "192.168.122.105"
        ]
      ],
      "type": [
        "tuple",
        [
          [
            "list",
            "string"
          ],
          [
            "list",
            "string"
          ],
          [
            "list",
            "string"
          ]
        ]
      ]
    },
    "ips1": {
      "value": [
        [],
        [],
        []
      ],
      "type": [
        "tuple",
        [
          [
            "list",
            "string"
          ],
          [
            "list",
            "string"
          ],
          [
            "list",
            "string"
          ]
        ]
      ]
    }
  },
  "resources": [
    {
      "mode": "data",
      "type": "template_file",
      "name": "network_config",
      "provider": "provider[\"registry.terraform.io/hashicorp/template\"]",
      "instances": [
        {
          "index_key": 0,
          "schema_version": 0,
          "attributes": {
            "filename": null,
            "id": "f1a7277425813e5a847fcf41ca0cca26ddc6ea693e60d2a96fa4c692a8c8fdd0",
            "rendered": "network:\n  ethernets:\n    ens3:\n      dhcp4: true\n    ens4:\n      dhcp4: false\n      addresses: [ \"10.95.10.1/24\" ]\n  version: 2\n",
            "template": "network:\n  ethernets:\n    ens3:\n      dhcp4: true\n    ens4:\n      dhcp4: false\n      addresses: [ \"10.95.10.${NET_HOST_IP}/24\" ]\n  version: 2\n",
            "vars": {
              "NET_HOST_IP": "1"
            }
          },
          "sensitive_attributes": []
        },
        {
          "index_key": 1,
          "schema_version": 0,
          "attributes": {
            "filename": null,
            "id": "eb824ae3477774b11c017f33f273cd6270e4cbb93f3b75dc7ef3a50a8670a08a",
            "rendered": "network:\n  ethernets:\n    ens3:\n      dhcp4: true\n    ens4:\n      dhcp4: false\n      addresses: [ \"10.95.10.11/24\" ]\n  version: 2\n",
            "template": "network:\n  ethernets:\n    ens3:\n      dhcp4: true\n    ens4:\n      dhcp4: false\n      addresses: [ \"10.95.10.${NET_HOST_IP}/24\" ]\n  version: 2\n",
            "vars": {
              "NET_HOST_IP": "11"
            }
          },
          "sensitive_attributes": []
        },
        {
          "index_key": 2,
          "schema_version": 0,
          "attributes": {
            "filename": null,
            "id": "5f697832b3dce5f90105b21d8a71e2e1fbbb007def41752b6e190fc00ddeb585",
            "rendered": "network:\n  ethernets:\n    ens3:\n      dhcp4: true\n    ens4:\n      dhcp4: false\n      addresses: [ \"10.95.10.12/24\" ]\n  version: 2\n",
            "template": "network:\n  ethernets:\n    ens3:\n      dhcp4: true\n    ens4:\n      dhcp4: false\n      addresses: [ \"10.95.10.${NET_HOST_IP}/24\" ]\n  version: 2\n",
            "vars": {
              "NET_HOST_IP": "12"
            }
          },
          "sensitive_attributes": []
        }
      ]
    },
    {
      "mode": "data",
      "type": "template_file",
      "name": "user_data",
      "provider": "provider[\"registry.terraform.io/hashicorp/template\"]",
      "instances": [
        {
          "index_key": 0,
          "schema_version": 0,
          "attributes": {
            "filename": null,
            "id": "9eefffcfd3bd04fb938fd38bfbb867cacb3c1c6fa161da14fbcb6e6f970fcab8",
            "rendered": "#cloud-config\n# vim: syntax=yaml\n#\n# ***********************\n# \t---- for more examples look at: ------\n# ---\u003e https://cloudinit.readthedocs.io/en/latest/topics/examples.html\n# ******************************\n#\n# This is the configuration syntax that the write_files module\n# will know how to understand. encoding can be given b64 or gzip or (gz+b64).\n# The content will be decoded accordingly and then written to the path that is\n# provided.\n#\n# Note: Content strings here are truncated for example purposes. ${count.index}\n\nhostname: tfk8scluster-0\nfqdn: tfk8scluster-0.tf\nssh_pwauth: True\n# chpasswd:\n#  list: |\n#     root: 12345\n#     ubuntu: 12345\n#  expire: False\nusers:\n  - name: ubuntu\n    ssh_authorized_keys:\n      - ssh-rsa AAAAB3NzaC1yc2EAAAADAQABAAABAQDav74floCqNH69aWyyiSyNZy14szoUfQeOyVzNeYNiobyjH5ssRqxyQU3v5demphI6qx8AKV0sKEFrg7SH2Pfta4NHqRm2cgKHNGNkpr+vVrkVv/ZEwvZP7+JagtbyUWhjX/MGKx2+4YWdeaWQJ5NZ13RHJ6FpNSxpUqwbTwsd8gJJZhUyXPzzyeGMfnOdr7lEEQSTxkdBVQxjaKxeP8xTfnFpHKwSIp68XD2FQn+qv6UQJPEvosr5t1wOohLgQERTu4/e9rRo4iOeX71dPoXiFm52ce1A/oyyaSsYPBNZpEYUXgPsBmjZwzccWUuN+CHCGYNZOnOVBnsgm7ZPF4oh\n    lock_passwd: False\n    passwd: $6$.NO1xMXBmPli7nXx$flG9pE.4yUaMKSIQ8w7yXWpxkXxXrfW7eUH7zTIT4wYR2WeVuV/14NEfPJqfwnI/BSjRt/DEn6eDcU8laaZ6Q1\n    sudo: ['ALL=(ALL) NOPASSWD:ALL']\n    shell: /bin/bash\n    groups: wheel\n\n# packages:\n#  - apache2\n#\n#run_cmd: \n#  - [systemctl, enable, apache2]\n#  - [systemctl, start, apache2]\n\nfnal_message: \"DONE!! - After $UPTIME seconds\"\n",
            "template": "#cloud-config\n# vim: syntax=yaml\n#\n# ***********************\n# \t---- for more examples look at: ------\n# ---\u003e https://cloudinit.readthedocs.io/en/latest/topics/examples.html\n# ******************************\n#\n# This is the configuration syntax that the write_files module\n# will know how to understand. encoding can be given b64 or gzip or (gz+b64).\n# The content will be decoded accordingly and then written to the path that is\n# provided.\n#\n# Note: Content strings here are truncated for example purposes. $${count.index}\n\nhostname: ${VM_HOSTNAME}\nfqdn: ${VM_HOSTNAME}.tf\nssh_pwauth: True\n# chpasswd:\n#  list: |\n#     root: 12345\n#     ${VM_USER}: 12345\n#  expire: False\nusers:\n  - name: ${VM_USER}\n    ssh_authorized_keys:\n      - ssh-rsa AAAAB3NzaC1yc2EAAAADAQABAAABAQDav74floCqNH69aWyyiSyNZy14szoUfQeOyVzNeYNiobyjH5ssRqxyQU3v5demphI6qx8AKV0sKEFrg7SH2Pfta4NHqRm2cgKHNGNkpr+vVrkVv/ZEwvZP7+JagtbyUWhjX/MGKx2+4YWdeaWQJ5NZ13RHJ6FpNSxpUqwbTwsd8gJJZhUyXPzzyeGMfnOdr7lEEQSTxkdBVQxjaKxeP8xTfnFpHKwSIp68XD2FQn+qv6UQJPEvosr5t1wOohLgQERTu4/e9rRo4iOeX71dPoXiFm52ce1A/oyyaSsYPBNZpEYUXgPsBmjZwzccWUuN+CHCGYNZOnOVBnsgm7ZPF4oh\n    lock_passwd: False\n    passwd: $6$.NO1xMXBmPli7nXx$flG9pE.4yUaMKSIQ8w7yXWpxkXxXrfW7eUH7zTIT4wYR2WeVuV/14NEfPJqfwnI/BSjRt/DEn6eDcU8laaZ6Q1\n    sudo: ['ALL=(ALL) NOPASSWD:ALL']\n    shell: /bin/bash\n    groups: wheel\n\n# packages:\n#  - apache2\n#\n#run_cmd: \n#  - [systemctl, enable, apache2]\n#  - [systemctl, start, apache2]\n\nfnal_message: \"DONE!! - After $UPTIME seconds\"\n",
            "vars": {
              "VM_HOSTNAME": "tfk8scluster-0",
              "VM_USER": "ubuntu"
            }
          },
          "sensitive_attributes": []
        },
        {
          "index_key": 1,
          "schema_version": 0,
          "attributes": {
            "filename": null,
            "id": "ea3e99ac2f5197e32fa4caaca5e28577c6ad0d2d8088d6b8563de9cd8fc75f82",
            "rendered": "#cloud-config\n# vim: syntax=yaml\n#\n# ***********************\n# \t---- for more examples look at: ------\n# ---\u003e https://cloudinit.readthedocs.io/en/latest/topics/examples.html\n# ******************************\n#\n# This is the configuration syntax that the write_files module\n# will know how to understand. encoding can be given b64 or gzip or (gz+b64).\n# The content will be decoded accordingly and then written to the path that is\n# provided.\n#\n# Note: Content strings here are truncated for example purposes. ${count.index}\n\nhostname: tfk8scluster-1\nfqdn: tfk8scluster-1.tf\nssh_pwauth: True\n# chpasswd:\n#  list: |\n#     root: 12345\n#     ubuntu: 12345\n#  expire: False\nusers:\n  - name: ubuntu\n    ssh_authorized_keys:\n      - ssh-rsa AAAAB3NzaC1yc2EAAAADAQABAAABAQDav74floCqNH69aWyyiSyNZy14szoUfQeOyVzNeYNiobyjH5ssRqxyQU3v5demphI6qx8AKV0sKEFrg7SH2Pfta4NHqRm2cgKHNGNkpr+vVrkVv/ZEwvZP7+JagtbyUWhjX/MGKx2+4YWdeaWQJ5NZ13RHJ6FpNSxpUqwbTwsd8gJJZhUyXPzzyeGMfnOdr7lEEQSTxkdBVQxjaKxeP8xTfnFpHKwSIp68XD2FQn+qv6UQJPEvosr5t1wOohLgQERTu4/e9rRo4iOeX71dPoXiFm52ce1A/oyyaSsYPBNZpEYUXgPsBmjZwzccWUuN+CHCGYNZOnOVBnsgm7ZPF4oh\n    lock_passwd: False\n    passwd: $6$.NO1xMXBmPli7nXx$flG9pE.4yUaMKSIQ8w7yXWpxkXxXrfW7eUH7zTIT4wYR2WeVuV/14NEfPJqfwnI/BSjRt/DEn6eDcU8laaZ6Q1\n    sudo: ['ALL=(ALL) NOPASSWD:ALL']\n    shell: /bin/bash\n    groups: wheel\n\n# packages:\n#  - apache2\n#\n#run_cmd: \n#  - [systemctl, enable, apache2]\n#  - [systemctl, start, apache2]\n\nfnal_message: \"DONE!! - After $UPTIME seconds\"\n",
            "template": "#cloud-config\n# vim: syntax=yaml\n#\n# ***********************\n# \t---- for more examples look at: ------\n# ---\u003e https://cloudinit.readthedocs.io/en/latest/topics/examples.html\n# ******************************\n#\n# This is the configuration syntax that the write_files module\n# will know how to understand. encoding can be given b64 or gzip or (gz+b64).\n# The content will be decoded accordingly and then written to the path that is\n# provided.\n#\n# Note: Content strings here are truncated for example purposes. $${count.index}\n\nhostname: ${VM_HOSTNAME}\nfqdn: ${VM_HOSTNAME}.tf\nssh_pwauth: True\n# chpasswd:\n#  list: |\n#     root: 12345\n#     ${VM_USER}: 12345\n#  expire: False\nusers:\n  - name: ${VM_USER}\n    ssh_authorized_keys:\n      - ssh-rsa AAAAB3NzaC1yc2EAAAADAQABAAABAQDav74floCqNH69aWyyiSyNZy14szoUfQeOyVzNeYNiobyjH5ssRqxyQU3v5demphI6qx8AKV0sKEFrg7SH2Pfta4NHqRm2cgKHNGNkpr+vVrkVv/ZEwvZP7+JagtbyUWhjX/MGKx2+4YWdeaWQJ5NZ13RHJ6FpNSxpUqwbTwsd8gJJZhUyXPzzyeGMfnOdr7lEEQSTxkdBVQxjaKxeP8xTfnFpHKwSIp68XD2FQn+qv6UQJPEvosr5t1wOohLgQERTu4/e9rRo4iOeX71dPoXiFm52ce1A/oyyaSsYPBNZpEYUXgPsBmjZwzccWUuN+CHCGYNZOnOVBnsgm7ZPF4oh\n    lock_passwd: False\n    passwd: $6$.NO1xMXBmPli7nXx$flG9pE.4yUaMKSIQ8w7yXWpxkXxXrfW7eUH7zTIT4wYR2WeVuV/14NEfPJqfwnI/BSjRt/DEn6eDcU8laaZ6Q1\n    sudo: ['ALL=(ALL) NOPASSWD:ALL']\n    shell: /bin/bash\n    groups: wheel\n\n# packages:\n#  - apache2\n#\n#run_cmd: \n#  - [systemctl, enable, apache2]\n#  - [systemctl, start, apache2]\n\nfnal_message: \"DONE!! - After $UPTIME seconds\"\n",
            "vars": {
              "VM_HOSTNAME": "tfk8scluster-1",
              "VM_USER": "ubuntu"
            }
          },
          "sensitive_attributes": []
        },
        {
          "index_key": 2,
          "schema_version": 0,
          "attributes": {
            "filename": null,
            "id": "ffb39e1606f96c639ec5ab70ef3d9829b734a1f7d60a12c686cd244334d3ad3b",
            "rendered": "#cloud-config\n# vim: syntax=yaml\n#\n# ***********************\n# \t---- for more examples look at: ------\n# ---\u003e https://cloudinit.readthedocs.io/en/latest/topics/examples.html\n# ******************************\n#\n# This is the configuration syntax that the write_files module\n# will know how to understand. encoding can be given b64 or gzip or (gz+b64).\n# The content will be decoded accordingly and then written to the path that is\n# provided.\n#\n# Note: Content strings here are truncated for example purposes. ${count.index}\n\nhostname: tfk8scluster-2\nfqdn: tfk8scluster-2.tf\nssh_pwauth: True\n# chpasswd:\n#  list: |\n#     root: 12345\n#     ubuntu: 12345\n#  expire: False\nusers:\n  - name: ubuntu\n    ssh_authorized_keys:\n      - ssh-rsa AAAAB3NzaC1yc2EAAAADAQABAAABAQDav74floCqNH69aWyyiSyNZy14szoUfQeOyVzNeYNiobyjH5ssRqxyQU3v5demphI6qx8AKV0sKEFrg7SH2Pfta4NHqRm2cgKHNGNkpr+vVrkVv/ZEwvZP7+JagtbyUWhjX/MGKx2+4YWdeaWQJ5NZ13RHJ6FpNSxpUqwbTwsd8gJJZhUyXPzzyeGMfnOdr7lEEQSTxkdBVQxjaKxeP8xTfnFpHKwSIp68XD2FQn+qv6UQJPEvosr5t1wOohLgQERTu4/e9rRo4iOeX71dPoXiFm52ce1A/oyyaSsYPBNZpEYUXgPsBmjZwzccWUuN+CHCGYNZOnOVBnsgm7ZPF4oh\n    lock_passwd: False\n    passwd: $6$.NO1xMXBmPli7nXx$flG9pE.4yUaMKSIQ8w7yXWpxkXxXrfW7eUH7zTIT4wYR2WeVuV/14NEfPJqfwnI/BSjRt/DEn6eDcU8laaZ6Q1\n    sudo: ['ALL=(ALL) NOPASSWD:ALL']\n    shell: /bin/bash\n    groups: wheel\n\n# packages:\n#  - apache2\n#\n#run_cmd: \n#  - [systemctl, enable, apache2]\n#  - [systemctl, start, apache2]\n\nfnal_message: \"DONE!! - After $UPTIME seconds\"\n",
            "template": "#cloud-config\n# vim: syntax=yaml\n#\n# ***********************\n# \t---- for more examples look at: ------\n# ---\u003e https://cloudinit.readthedocs.io/en/latest/topics/examples.html\n# ******************************\n#\n# This is the configuration syntax that the write_files module\n# will know how to understand. encoding can be given b64 or gzip or (gz+b64).\n# The content will be decoded accordingly and then written to the path that is\n# provided.\n#\n# Note: Content strings here are truncated for example purposes. $${count.index}\n\nhostname: ${VM_HOSTNAME}\nfqdn: ${VM_HOSTNAME}.tf\nssh_pwauth: True\n# chpasswd:\n#  list: |\n#     root: 12345\n#     ${VM_USER}: 12345\n#  expire: False\nusers:\n  - name: ${VM_USER}\n    ssh_authorized_keys:\n      - ssh-rsa AAAAB3NzaC1yc2EAAAADAQABAAABAQDav74floCqNH69aWyyiSyNZy14szoUfQeOyVzNeYNiobyjH5ssRqxyQU3v5demphI6qx8AKV0sKEFrg7SH2Pfta4NHqRm2cgKHNGNkpr+vVrkVv/ZEwvZP7+JagtbyUWhjX/MGKx2+4YWdeaWQJ5NZ13RHJ6FpNSxpUqwbTwsd8gJJZhUyXPzzyeGMfnOdr7lEEQSTxkdBVQxjaKxeP8xTfnFpHKwSIp68XD2FQn+qv6UQJPEvosr5t1wOohLgQERTu4/e9rRo4iOeX71dPoXiFm52ce1A/oyyaSsYPBNZpEYUXgPsBmjZwzccWUuN+CHCGYNZOnOVBnsgm7ZPF4oh\n    lock_passwd: False\n    passwd: $6$.NO1xMXBmPli7nXx$flG9pE.4yUaMKSIQ8w7yXWpxkXxXrfW7eUH7zTIT4wYR2WeVuV/14NEfPJqfwnI/BSjRt/DEn6eDcU8laaZ6Q1\n    sudo: ['ALL=(ALL) NOPASSWD:ALL']\n    shell: /bin/bash\n    groups: wheel\n\n# packages:\n#  - apache2\n#\n#run_cmd: \n#  - [systemctl, enable, apache2]\n#  - [systemctl, start, apache2]\n\nfnal_message: \"DONE!! - After $UPTIME seconds\"\n",
            "vars": {
              "VM_HOSTNAME": "tfk8scluster-2",
              "VM_USER": "ubuntu"
            }
          },
          "sensitive_attributes": []
        }
      ]
    },
    {
      "mode": "managed",
      "type": "libvirt_cloudinit_disk",
      "name": "cloudinit",
      "provider": "provider[\"registry.terraform.io/dmacvicar/libvirt\"]",
      "instances": [
        {
          "index_key": 0,
          "schema_version": 0,
          "attributes": {
            "id": "/var/lib/libvirt/tfk8scluster_pool/tfk8scluster_0_cloudinit.iso;3f9f2e72-042d-4597-9834-6c2245b04353",
            "meta_data": "",
            "name": "tfk8scluster_0_cloudinit.iso",
            "network_config": "network:\n  ethernets:\n    ens3:\n      dhcp4: true\n    ens4:\n      dhcp4: false\n      addresses: [ \"10.95.10.1/24\" ]\n  version: 2\n",
            "pool": "tfk8scluster_pool",
            "user_data": "#cloud-config\n# vim: syntax=yaml\n#\n# ***********************\n# \t---- for more examples look at: ------\n# ---\u003e https://cloudinit.readthedocs.io/en/latest/topics/examples.html\n# ******************************\n#\n# This is the configuration syntax that the write_files module\n# will know how to understand. encoding can be given b64 or gzip or (gz+b64).\n# The content will be decoded accordingly and then written to the path that is\n# provided.\n#\n# Note: Content strings here are truncated for example purposes. ${count.index}\n\nhostname: tfk8scluster-0\nfqdn: tfk8scluster-0.tf\nssh_pwauth: True\n# chpasswd:\n#  list: |\n#     root: 12345\n#     ubuntu: 12345\n#  expire: False\nusers:\n  - name: ubuntu\n    ssh_authorized_keys:\n      - ssh-rsa AAAAB3NzaC1yc2EAAAADAQABAAABAQDav74floCqNH69aWyyiSyNZy14szoUfQeOyVzNeYNiobyjH5ssRqxyQU3v5demphI6qx8AKV0sKEFrg7SH2Pfta4NHqRm2cgKHNGNkpr+vVrkVv/ZEwvZP7+JagtbyUWhjX/MGKx2+4YWdeaWQJ5NZ13RHJ6FpNSxpUqwbTwsd8gJJZhUyXPzzyeGMfnOdr7lEEQSTxkdBVQxjaKxeP8xTfnFpHKwSIp68XD2FQn+qv6UQJPEvosr5t1wOohLgQERTu4/e9rRo4iOeX71dPoXiFm52ce1A/oyyaSsYPBNZpEYUXgPsBmjZwzccWUuN+CHCGYNZOnOVBnsgm7ZPF4oh\n    lock_passwd: False\n    passwd: $6$.NO1xMXBmPli7nXx$flG9pE.4yUaMKSIQ8w7yXWpxkXxXrfW7eUH7zTIT4wYR2WeVuV/14NEfPJqfwnI/BSjRt/DEn6eDcU8laaZ6Q1\n    sudo: ['ALL=(ALL) NOPASSWD:ALL']\n    shell: /bin/bash\n    groups: wheel\n\n# packages:\n#  - apache2\n#\n#run_cmd: \n#  - [systemctl, enable, apache2]\n#  - [systemctl, start, apache2]\n\nfnal_message: \"DONE!! - After $UPTIME seconds\"\n"
          },
          "sensitive_attributes": [],
          "private": "bnVsbA==",
          "dependencies": [
            "data.template_file.network_config",
            "data.template_file.user_data",
            "libvirt_pool.vmpool"
          ]
        },
        {
          "index_key": 1,
          "schema_version": 0,
          "attributes": {
            "id": "/var/lib/libvirt/tfk8scluster_pool/tfk8scluster_1_cloudinit.iso;b74a4cdd-595b-45f3-adf4-55e7285d2a8a",
            "meta_data": "",
            "name": "tfk8scluster_1_cloudinit.iso",
            "network_config": "network:\n  ethernets:\n    ens3:\n      dhcp4: true\n    ens4:\n      dhcp4: false\n      addresses: [ \"10.95.10.11/24\" ]\n  version: 2\n",
            "pool": "tfk8scluster_pool",
            "user_data": "#cloud-config\n# vim: syntax=yaml\n#\n# ***********************\n# \t---- for more examples look at: ------\n# ---\u003e https://cloudinit.readthedocs.io/en/latest/topics/examples.html\n# ******************************\n#\n# This is the configuration syntax that the write_files module\n# will know how to understand. encoding can be given b64 or gzip or (gz+b64).\n# The content will be decoded accordingly and then written to the path that is\n# provided.\n#\n# Note: Content strings here are truncated for example purposes. ${count.index}\n\nhostname: tfk8scluster-1\nfqdn: tfk8scluster-1.tf\nssh_pwauth: True\n# chpasswd:\n#  list: |\n#     root: 12345\n#     ubuntu: 12345\n#  expire: False\nusers:\n  - name: ubuntu\n    ssh_authorized_keys:\n      - ssh-rsa AAAAB3NzaC1yc2EAAAADAQABAAABAQDav74floCqNH69aWyyiSyNZy14szoUfQeOyVzNeYNiobyjH5ssRqxyQU3v5demphI6qx8AKV0sKEFrg7SH2Pfta4NHqRm2cgKHNGNkpr+vVrkVv/ZEwvZP7+JagtbyUWhjX/MGKx2+4YWdeaWQJ5NZ13RHJ6FpNSxpUqwbTwsd8gJJZhUyXPzzyeGMfnOdr7lEEQSTxkdBVQxjaKxeP8xTfnFpHKwSIp68XD2FQn+qv6UQJPEvosr5t1wOohLgQERTu4/e9rRo4iOeX71dPoXiFm52ce1A/oyyaSsYPBNZpEYUXgPsBmjZwzccWUuN+CHCGYNZOnOVBnsgm7ZPF4oh\n    lock_passwd: False\n    passwd: $6$.NO1xMXBmPli7nXx$flG9pE.4yUaMKSIQ8w7yXWpxkXxXrfW7eUH7zTIT4wYR2WeVuV/14NEfPJqfwnI/BSjRt/DEn6eDcU8laaZ6Q1\n    sudo: ['ALL=(ALL) NOPASSWD:ALL']\n    shell: /bin/bash\n    groups: wheel\n\n# packages:\n#  - apache2\n#\n#run_cmd: \n#  - [systemctl, enable, apache2]\n#  - [systemctl, start, apache2]\n\nfnal_message: \"DONE!! - After $UPTIME seconds\"\n"
          },
          "sensitive_attributes": [],
          "private": "bnVsbA==",
          "dependencies": [
            "data.template_file.network_config",
            "data.template_file.user_data",
            "libvirt_pool.vmpool"
          ]
        },
        {
          "index_key": 2,
          "schema_version": 0,
          "attributes": {
            "id": "/var/lib/libvirt/tfk8scluster_pool/tfk8scluster_2_cloudinit.iso;41db9892-a013-4bc8-bdf4-6c9558107366",
            "meta_data": "",
            "name": "tfk8scluster_2_cloudinit.iso",
            "network_config": "network:\n  ethernets:\n    ens3:\n      dhcp4: true\n    ens4:\n      dhcp4: false\n      addresses: [ \"10.95.10.12/24\" ]\n  version: 2\n",
            "pool": "tfk8scluster_pool",
            "user_data": "#cloud-config\n# vim: syntax=yaml\n#\n# ***********************\n# \t---- for more examples look at: ------\n# ---\u003e https://cloudinit.readthedocs.io/en/latest/topics/examples.html\n# ******************************\n#\n# This is the configuration syntax that the write_files module\n# will know how to understand. encoding can be given b64 or gzip or (gz+b64).\n# The content will be decoded accordingly and then written to the path that is\n# provided.\n#\n# Note: Content strings here are truncated for example purposes. ${count.index}\n\nhostname: tfk8scluster-2\nfqdn: tfk8scluster-2.tf\nssh_pwauth: True\n# chpasswd:\n#  list: |\n#     root: 12345\n#     ubuntu: 12345\n#  expire: False\nusers:\n  - name: ubuntu\n    ssh_authorized_keys:\n      - ssh-rsa AAAAB3NzaC1yc2EAAAADAQABAAABAQDav74floCqNH69aWyyiSyNZy14szoUfQeOyVzNeYNiobyjH5ssRqxyQU3v5demphI6qx8AKV0sKEFrg7SH2Pfta4NHqRm2cgKHNGNkpr+vVrkVv/ZEwvZP7+JagtbyUWhjX/MGKx2+4YWdeaWQJ5NZ13RHJ6FpNSxpUqwbTwsd8gJJZhUyXPzzyeGMfnOdr7lEEQSTxkdBVQxjaKxeP8xTfnFpHKwSIp68XD2FQn+qv6UQJPEvosr5t1wOohLgQERTu4/e9rRo4iOeX71dPoXiFm52ce1A/oyyaSsYPBNZpEYUXgPsBmjZwzccWUuN+CHCGYNZOnOVBnsgm7ZPF4oh\n    lock_passwd: False\n    passwd: $6$.NO1xMXBmPli7nXx$flG9pE.4yUaMKSIQ8w7yXWpxkXxXrfW7eUH7zTIT4wYR2WeVuV/14NEfPJqfwnI/BSjRt/DEn6eDcU8laaZ6Q1\n    sudo: ['ALL=(ALL) NOPASSWD:ALL']\n    shell: /bin/bash\n    groups: wheel\n\n# packages:\n#  - apache2\n#\n#run_cmd: \n#  - [systemctl, enable, apache2]\n#  - [systemctl, start, apache2]\n\nfnal_message: \"DONE!! - After $UPTIME seconds\"\n"
          },
          "sensitive_attributes": [],
          "private": "bnVsbA==",
          "dependencies": [
            "data.template_file.network_config",
            "data.template_file.user_data",
            "libvirt_pool.vmpool"
          ]
        }
      ]
    },
    {
      "mode": "managed",
      "type": "libvirt_domain",
      "name": "ubuntu-2204",
      "provider": "provider[\"registry.terraform.io/dmacvicar/libvirt\"]",
      "instances": [
        {
          "index_key": 0,
          "schema_version": 0,
          "attributes": {
            "arch": "x86_64",
            "autostart": false,
            "boot_device": [],
            "cloudinit": "/var/lib/libvirt/tfk8scluster_pool/tfk8scluster_0_cloudinit.iso;3f9f2e72-042d-4597-9834-6c2245b04353",
            "cmdline": null,
            "console": [
              {
                "source_host": "127.0.0.1",
                "source_path": "",
                "source_service": "0",
                "target_port": "0",
                "target_type": "serial",
                "type": "pty"
              }
            ],
            "coreos_ignition": null,
            "cpu": [
              {
                "mode": "custom"
              }
            ],
            "description": "",
            "disk": [
              {
                "block_device": "",
                "file": "",
                "scsi": false,
                "url": "",
                "volume_id": "/var/lib/libvirt/tfk8scluster_pool/ubuntu-2204-0.qcow2",
                "wwn": ""
              }
            ],
            "emulator": "/usr/bin/qemu-system-x86_64",
            "filesystem": [],
            "firmware": null,
            "fw_cfg_name": "opt/com.coreos/config",
            "graphics": [
              {
                "autoport": true,
                "listen_address": "127.0.0.1",
                "listen_type": "address",
                "type": "spice",
                "websocket": 0
              }
            ],
            "id": "788dde49-573e-452c-9d17-e7cd6c464e5c",
            "initrd": "",
            "kernel": "",
            "machine": "pc",
            "memory": 8192,
            "metadata": null,
            "name": "tfk8scluster-0",
            "network_interface": [
              {
                "addresses": [
                  "192.168.122.128"
                ],
                "bridge": "",
                "hostname": "",
                "mac": "52:54:00:62:AA:5D",
                "macvtap": "",
                "network_id": "84ed5998-afc7-46b1-916e-68c51a75e4b9",
                "network_name": "default",
                "passthrough": "",
                "vepa": "",
                "wait_for_lease": true
              },
              {
                "addresses": [],
                "bridge": "br-tf-k8s",
                "hostname": "tfk8scluster-0",
                "mac": "52:54:00:DA:F3:CB",
                "macvtap": "",
                "network_id": "",
                "network_name": "",
                "passthrough": "",
                "vepa": "",
                "wait_for_lease": false
              }
            ],
            "nvram": [],
            "qemu_agent": false,
            "running": true,
            "timeouts": null,
            "tpm": [],
            "vcpu": 6,
            "video": [],
            "xml": []
          },
          "sensitive_attributes": [],
          "private": "eyJlMmJmYjczMC1lY2FhLTExZTYtOGY4OC0zNDM2M2JjN2M0YzAiOnsiY3JlYXRlIjozMDAwMDAwMDAwMDB9fQ==",
          "dependencies": [
            "data.template_file.network_config",
            "data.template_file.user_data",
            "libvirt_cloudinit_disk.cloudinit",
            "libvirt_network.vm_public_network",
            "libvirt_pool.vmpool",
            "libvirt_volume.ubuntu-2204-qcow2"
          ]
        },
        {
          "index_key": 1,
          "schema_version": 0,
          "attributes": {
            "arch": "x86_64",
            "autostart": false,
            "boot_device": [],
            "cloudinit": "/var/lib/libvirt/tfk8scluster_pool/tfk8scluster_1_cloudinit.iso;b74a4cdd-595b-45f3-adf4-55e7285d2a8a",
            "cmdline": null,
            "console": [
              {
                "source_host": "127.0.0.1",
                "source_path": "",
                "source_service": "0",
                "target_port": "0",
                "target_type": "serial",
                "type": "pty"
              }
            ],
            "coreos_ignition": null,
            "cpu": [
              {
                "mode": "custom"
              }
            ],
            "description": "",
            "disk": [
              {
                "block_device": "",
                "file": "",
                "scsi": false,
                "url": "",
                "volume_id": "/var/lib/libvirt/tfk8scluster_pool/ubuntu-2204-1.qcow2",
                "wwn": ""
              }
            ],
            "emulator": "/usr/bin/qemu-system-x86_64",
            "filesystem": [],
            "firmware": null,
            "fw_cfg_name": "opt/com.coreos/config",
            "graphics": [
              {
                "autoport": true,
                "listen_address": "127.0.0.1",
                "listen_type": "address",
                "type": "spice",
                "websocket": 0
              }
            ],
            "id": "05e0c1b2-1d3b-4475-99ea-c58a7cfb600f",
            "initrd": "",
            "kernel": "",
            "machine": "pc",
            "memory": 8192,
            "metadata": null,
            "name": "tfk8scluster-1",
            "network_interface": [
              {
                "addresses": [
                  "192.168.122.52"
                ],
                "bridge": "",
                "hostname": "",
                "mac": "52:54:00:3A:24:FD",
                "macvtap": "",
                "network_id": "84ed5998-afc7-46b1-916e-68c51a75e4b9",
                "network_name": "default",
                "passthrough": "",
                "vepa": "",
                "wait_for_lease": true
              },
              {
                "addresses": [],
                "bridge": "br-tf-k8s",
                "hostname": "tfk8scluster-1",
                "mac": "52:54:00:42:CF:09",
                "macvtap": "",
                "network_id": "",
                "network_name": "",
                "passthrough": "",
                "vepa": "",
                "wait_for_lease": false
              }
            ],
            "nvram": [],
            "qemu_agent": false,
            "running": true,
            "timeouts": null,
            "tpm": [],
            "vcpu": 6,
            "video": [],
            "xml": []
          },
          "sensitive_attributes": [],
          "private": "eyJlMmJmYjczMC1lY2FhLTExZTYtOGY4OC0zNDM2M2JjN2M0YzAiOnsiY3JlYXRlIjozMDAwMDAwMDAwMDB9fQ==",
          "dependencies": [
            "data.template_file.network_config",
            "data.template_file.user_data",
            "libvirt_cloudinit_disk.cloudinit",
            "libvirt_network.vm_public_network",
            "libvirt_pool.vmpool",
            "libvirt_volume.ubuntu-2204-qcow2"
          ]
        },
        {
          "index_key": 2,
          "schema_version": 0,
          "attributes": {
            "arch": "x86_64",
            "autostart": false,
            "boot_device": [],
            "cloudinit": "/var/lib/libvirt/tfk8scluster_pool/tfk8scluster_2_cloudinit.iso;41db9892-a013-4bc8-bdf4-6c9558107366",
            "cmdline": null,
            "console": [
              {
                "source_host": "127.0.0.1",
                "source_path": "",
                "source_service": "0",
                "target_port": "0",
                "target_type": "serial",
                "type": "pty"
              }
            ],
            "coreos_ignition": null,
            "cpu": [
              {
                "mode": "custom"
              }
            ],
            "description": "",
            "disk": [
              {
                "block_device": "",
                "file": "",
                "scsi": false,
                "url": "",
                "volume_id": "/var/lib/libvirt/tfk8scluster_pool/ubuntu-2204-2.qcow2",
                "wwn": ""
              }
            ],
            "emulator": "/usr/bin/qemu-system-x86_64",
            "filesystem": [],
            "firmware": null,
            "fw_cfg_name": "opt/com.coreos/config",
            "graphics": [
              {
                "autoport": true,
                "listen_address": "127.0.0.1",
                "listen_type": "address",
                "type": "spice",
                "websocket": 0
              }
            ],
            "id": "450a5a2d-3ffd-4249-ad8e-1c43cc95a602",
            "initrd": "",
            "kernel": "",
            "machine": "pc",
            "memory": 8192,
            "metadata": null,
            "name": "tfk8scluster-2",
            "network_interface": [
              {
                "addresses": [
                  "192.168.122.105"
                ],
                "bridge": "",
                "hostname": "",
                "mac": "52:54:00:7E:6E:96",
                "macvtap": "",
                "network_id": "84ed5998-afc7-46b1-916e-68c51a75e4b9",
                "network_name": "default",
                "passthrough": "",
                "vepa": "",
                "wait_for_lease": true
              },
              {
                "addresses": [],
                "bridge": "br-tf-k8s",
                "hostname": "tfk8scluster-2",
                "mac": "52:54:00:E6:FF:E2",
                "macvtap": "",
                "network_id": "",
                "network_name": "",
                "passthrough": "",
                "vepa": "",
                "wait_for_lease": false
              }
            ],
            "nvram": [],
            "qemu_agent": false,
            "running": true,
            "timeouts": null,
            "tpm": [],
            "vcpu": 6,
            "video": [],
            "xml": []
          },
          "sensitive_attributes": [],
          "private": "eyJlMmJmYjczMC1lY2FhLTExZTYtOGY4OC0zNDM2M2JjN2M0YzAiOnsiY3JlYXRlIjozMDAwMDAwMDAwMDB9fQ==",
          "dependencies": [
            "data.template_file.network_config",
            "data.template_file.user_data",
            "libvirt_cloudinit_disk.cloudinit",
            "libvirt_network.vm_public_network",
            "libvirt_pool.vmpool",
            "libvirt_volume.ubuntu-2204-qcow2"
          ]
        }
      ]
    },
    {
      "mode": "managed",
      "type": "libvirt_network",
      "name": "vm_public_network",
      "provider": "provider[\"registry.terraform.io/dmacvicar/libvirt\"]",
      "instances": [
        {
          "schema_version": 0,
          "attributes": {
            "addresses": null,
            "autostart": false,
            "bridge": "br-tf-k8s",
            "dhcp": null,
            "dns": null,
            "dnsmasq_options": [],
            "domain": null,
            "id": "20d606e2-8665-4e63-a763-08bbacef8272",
            "mode": "bridge",
            "mtu": null,
            "name": "tfk8scluster_network",
            "routes": [],
            "xml": []
          },
          "sensitive_attributes": [],
          "private": "bnVsbA=="
        }
      ]
    },
    {
      "mode": "managed",
      "type": "libvirt_pool",
      "name": "vmpool",
      "provider": "provider[\"registry.terraform.io/dmacvicar/libvirt\"]",
      "instances": [
        {
          "schema_version": 0,
          "attributes": {
            "allocation": 489017012224,
            "available": 1478515060736,
            "capacity": 1967532072960,
            "id": "b647d26d-b3db-4bc1-87aa-a99cc2111ba1",
            "name": "tfk8scluster_pool",
            "path": "/var/lib/libvirt/tfk8scluster_pool",
            "type": "dir",
            "xml": []
          },
          "sensitive_attributes": [],
          "private": "bnVsbA=="
        }
      ]
    },
    {
      "mode": "managed",
      "type": "libvirt_volume",
      "name": "ubuntu-2204-qcow2",
      "provider": "provider[\"registry.terraform.io/dmacvicar/libvirt\"]",
      "instances": [
        {
          "index_key": 0,
          "schema_version": 0,
          "attributes": {
            "base_volume_id": null,
            "base_volume_name": "base-ubuntu-22.04.qcow2",
            "base_volume_pool": "default",
            "format": "qcow2",
            "id": "/var/lib/libvirt/tfk8scluster_pool/ubuntu-2204-0.qcow2",
            "name": "ubuntu-2204-0.qcow2",
            "pool": "tfk8scluster_pool",
            "size": 85899345920,
            "source": null,
            "xml": []
          },
          "sensitive_attributes": [],
          "private": "bnVsbA==",
          "dependencies": [
            "libvirt_pool.vmpool"
          ]
        },
        {
          "index_key": 1,
          "schema_version": 0,
          "attributes": {
            "base_volume_id": null,
            "base_volume_name": "base-ubuntu-22.04.qcow2",
            "base_volume_pool": "default",
            "format": "qcow2",
            "id": "/var/lib/libvirt/tfk8scluster_pool/ubuntu-2204-1.qcow2",
            "name": "ubuntu-2204-1.qcow2",
            "pool": "tfk8scluster_pool",
            "size": 85899345920,
            "source": null,
            "xml": []
          },
          "sensitive_attributes": [],
          "private": "bnVsbA==",
          "dependencies": [
            "libvirt_pool.vmpool"
          ]
        },
        {
          "index_key": 2,
          "schema_version": 0,
          "attributes": {
            "base_volume_id": null,
            "base_volume_name": "base-ubuntu-22.04.qcow2",
            "base_volume_pool": "default",
            "format": "qcow2",
            "id": "/var/lib/libvirt/tfk8scluster_pool/ubuntu-2204-2.qcow2",
            "name": "ubuntu-2204-2.qcow2",
            "pool": "tfk8scluster_pool",
            "size": 85899345920,
            "source": null,
            "xml": []
          },
          "sensitive_attributes": [],
          "private": "bnVsbA==",
          "dependencies": [
            "libvirt_pool.vmpool"
          ]
        }
      ]
    }
  ],
  "check_results": null
}
